// !$*UTF8*$!
{
	archiveVersion = 1;
	classes = {
	};
	objectVersion = 48;
	objects = {

/* Begin PBXBuildFile section */
		27043A2D20615B2D0076FB53 /* TempViewController.swift in Sources */ = {isa = PBXBuildFile; fileRef = 27043A2C20615B2D0076FB53 /* TempViewController.swift */; };
		27136CA820408CBB00BD37F4 /* SignUpViewController.swift in Sources */ = {isa = PBXBuildFile; fileRef = 27136CA720408CBB00BD37F4 /* SignUpViewController.swift */; };
		27136CAA20408CC400BD37F4 /* LoginViewController.swift in Sources */ = {isa = PBXBuildFile; fileRef = 27136CA920408CC400BD37F4 /* LoginViewController.swift */; };
		2760A8372073F87200A701BA /* ClipLibraryViewController.swift in Sources */ = {isa = PBXBuildFile; fileRef = 2760A8362073F87200A701BA /* ClipLibraryViewController.swift */; };
		2760A8392073F8A700A701BA /* ClipLibrary.storyboard in Resources */ = {isa = PBXBuildFile; fileRef = 2760A8382073F8A700A701BA /* ClipLibrary.storyboard */; };
		2760A8402074510900A701BA /* AudioManager.swift in Sources */ = {isa = PBXBuildFile; fileRef = 2760A83F2074510900A701BA /* AudioManager.swift */; };
		2760A84320745A5000A701BA /* Song.xcdatamodeld in Sources */ = {isa = PBXBuildFile; fileRef = 2760A84120745A5000A701BA /* Song.xcdatamodeld */; };
		27990BF42037B375005F9A86 /* AppDelegate.swift in Sources */ = {isa = PBXBuildFile; fileRef = 27990BF32037B375005F9A86 /* AppDelegate.swift */; };
		27990BF62037B375005F9A86 /* ViewController.swift in Sources */ = {isa = PBXBuildFile; fileRef = 27990BF52037B375005F9A86 /* ViewController.swift */; };
		27990BF92037B375005F9A86 /* Main.storyboard in Resources */ = {isa = PBXBuildFile; fileRef = 27990BF72037B375005F9A86 /* Main.storyboard */; };
		27990BFB2037B375005F9A86 /* Assets.xcassets in Resources */ = {isa = PBXBuildFile; fileRef = 27990BFA2037B375005F9A86 /* Assets.xcassets */; };
		27990BFE2037B375005F9A86 /* LaunchScreen.storyboard in Resources */ = {isa = PBXBuildFile; fileRef = 27990BFC2037B375005F9A86 /* LaunchScreen.storyboard */; };
		279CCA1C203E5B8E00D72BD6 /* Login.storyboard in Resources */ = {isa = PBXBuildFile; fileRef = 279CCA1B203E5B8E00D72BD6 /* Login.storyboard */; };
		279CCA1E203E5DEE00D72BD6 /* LoginSplashViewController.swift in Sources */ = {isa = PBXBuildFile; fileRef = 279CCA1D203E5DEE00D72BD6 /* LoginSplashViewController.swift */; };
		27AE836C2060CE2C00EEB6B9 /* PianoViewController.swift in Sources */ = {isa = PBXBuildFile; fileRef = 27AE836B2060CE2C00EEB6B9 /* PianoViewController.swift */; };
		27E663C020634A70008F592D /* AIPianoViewController.swift in Sources */ = {isa = PBXBuildFile; fileRef = 27E663BF20634A70008F592D /* AIPianoViewController.swift */; };
		27FF435820506CCD006BBE64 /* Recording.storyboard in Resources */ = {isa = PBXBuildFile; fileRef = 27FF435720506CCD006BBE64 /* Recording.storyboard */; };
		27FF435A20506D2B006BBE64 /* MicViewController.swift in Sources */ = {isa = PBXBuildFile; fileRef = 27FF435920506D2B006BBE64 /* MicViewController.swift */; };
		27FF435C20506ED2006BBE64 /* RadialGradientLayer.swift in Sources */ = {isa = PBXBuildFile; fileRef = 27FF435B20506ED2006BBE64 /* RadialGradientLayer.swift */; };
		27FF435E20507345006BBE64 /* CircleBackgroundView.swift in Sources */ = {isa = PBXBuildFile; fileRef = 27FF435D20507345006BBE64 /* CircleBackgroundView.swift */; };
		966BD7A64EB3E622A4A51341 /* Pods_Motif.framework in Frameworks */ = {isa = PBXBuildFile; fileRef = A3FA1322D4342215EDDBE135 /* Pods_Motif.framework */; };
		9FCFDABA20747BDE00126965 /* GoogleService-Info.plist in Resources */ = {isa = PBXBuildFile; fileRef = 9FCFDAB920747BDE00126965 /* GoogleService-Info.plist */; };
		9FCFDACA20747C7800126965 /* version.h in Headers */ = {isa = PBXBuildFile; fileRef = 9FCFDABE20747C7800126965 /* version.h */; };
		9FCFDACB20747C7800126965 /* midio.h in Headers */ = {isa = PBXBuildFile; fileRef = 9FCFDABF20747C7800126965 /* midio.h */; };
		9FCFDACC20747C7800126965 /* midifile.h in Headers */ = {isa = PBXBuildFile; fileRef = 9FCFDAC020747C7800126965 /* midifile.h */; };
		9FCFDACD20747C7800126965 /* types.h in Headers */ = {isa = PBXBuildFile; fileRef = 9FCFDAC120747C7800126965 /* types.h */; };
		9FCFDACE20747C7800126965 /* midi-json.c in Sources */ = {isa = PBXBuildFile; fileRef = 9FCFDAC220747C7800126965 /* midi-json.c */; };
		9FCFDAD020747C7800126965 /* getopt.h in Headers */ = {isa = PBXBuildFile; fileRef = 9FCFDAC520747C7800126965 /* getopt.h */; };
		9FCFDAD120747C7800126965 /* Motif-Bridging-Header.h in Headers */ = {isa = PBXBuildFile; fileRef = 9FCFDAC620747C7800126965 /* Motif-Bridging-Header.h */; };
		9FCFDAD220747C7800126965 /* midio.c in Sources */ = {isa = PBXBuildFile; fileRef = 9FCFDAC720747C7800126965 /* midio.c */; };
		9FCFDAD320747C7800126965 /* midi-json.h in Headers */ = {isa = PBXBuildFile; fileRef = 9FCFDAC820747C7800126965 /* midi-json.h */; settings = {ATTRIBUTES = (Public, ); }; };
		9FCFDAD420747C7800126965 /* getopt.c in Sources */ = {isa = PBXBuildFile; fileRef = 9FCFDAC920747C7800126965 /* getopt.c */; };
/* End PBXBuildFile section */

/* Begin PBXFileReference section */
		27043A2C20615B2D0076FB53 /* TempViewController.swift */ = {isa = PBXFileReference; lastKnownFileType = sourcecode.swift; path = TempViewController.swift; sourceTree = "<group>"; };
		27136CA720408CBB00BD37F4 /* SignUpViewController.swift */ = {isa = PBXFileReference; lastKnownFileType = sourcecode.swift; path = SignUpViewController.swift; sourceTree = "<group>"; };
		27136CA920408CC400BD37F4 /* LoginViewController.swift */ = {isa = PBXFileReference; lastKnownFileType = sourcecode.swift; path = LoginViewController.swift; sourceTree = "<group>"; };
		2760A8362073F87200A701BA /* ClipLibraryViewController.swift */ = {isa = PBXFileReference; fileEncoding = 4; lastKnownFileType = sourcecode.swift; path = ClipLibraryViewController.swift; sourceTree = "<group>"; };
		2760A8382073F8A700A701BA /* ClipLibrary.storyboard */ = {isa = PBXFileReference; fileEncoding = 4; lastKnownFileType = file.storyboard; path = ClipLibrary.storyboard; sourceTree = "<group>"; };
		2760A83F2074510900A701BA /* AudioManager.swift */ = {isa = PBXFileReference; lastKnownFileType = sourcecode.swift; path = AudioManager.swift; sourceTree = "<group>"; };
		2760A84220745A5000A701BA /* Song.xcdatamodel */ = {isa = PBXFileReference; lastKnownFileType = wrapper.xcdatamodel; path = Song.xcdatamodel; sourceTree = "<group>"; };
		27990BF02037B375005F9A86 /* Motif.app */ = {isa = PBXFileReference; explicitFileType = wrapper.application; includeInIndex = 0; path = Motif.app; sourceTree = BUILT_PRODUCTS_DIR; };
		27990BF32037B375005F9A86 /* AppDelegate.swift */ = {isa = PBXFileReference; lastKnownFileType = sourcecode.swift; path = AppDelegate.swift; sourceTree = "<group>"; };
		27990BF52037B375005F9A86 /* ViewController.swift */ = {isa = PBXFileReference; lastKnownFileType = sourcecode.swift; path = ViewController.swift; sourceTree = "<group>"; };
		27990BF82037B375005F9A86 /* Base */ = {isa = PBXFileReference; lastKnownFileType = file.storyboard; name = Base; path = Base.lproj/Main.storyboard; sourceTree = "<group>"; };
		27990BFA2037B375005F9A86 /* Assets.xcassets */ = {isa = PBXFileReference; lastKnownFileType = folder.assetcatalog; path = Assets.xcassets; sourceTree = "<group>"; };
		27990BFD2037B375005F9A86 /* Base */ = {isa = PBXFileReference; lastKnownFileType = file.storyboard; name = Base; path = Base.lproj/LaunchScreen.storyboard; sourceTree = "<group>"; };
		27990BFF2037B375005F9A86 /* Info.plist */ = {isa = PBXFileReference; lastKnownFileType = text.plist.xml; path = Info.plist; sourceTree = "<group>"; };
		279CCA1B203E5B8E00D72BD6 /* Login.storyboard */ = {isa = PBXFileReference; lastKnownFileType = file.storyboard; path = Login.storyboard; sourceTree = "<group>"; };
		279CCA1D203E5DEE00D72BD6 /* LoginSplashViewController.swift */ = {isa = PBXFileReference; lastKnownFileType = sourcecode.swift; path = LoginSplashViewController.swift; sourceTree = "<group>"; };
		27AE836B2060CE2C00EEB6B9 /* PianoViewController.swift */ = {isa = PBXFileReference; lastKnownFileType = sourcecode.swift; path = PianoViewController.swift; sourceTree = "<group>"; };
		27E663BF20634A70008F592D /* AIPianoViewController.swift */ = {isa = PBXFileReference; lastKnownFileType = sourcecode.swift; path = AIPianoViewController.swift; sourceTree = "<group>"; };
		27FF435720506CCD006BBE64 /* Recording.storyboard */ = {isa = PBXFileReference; lastKnownFileType = file.storyboard; path = Recording.storyboard; sourceTree = "<group>"; };
		27FF435920506D2B006BBE64 /* MicViewController.swift */ = {isa = PBXFileReference; lastKnownFileType = sourcecode.swift; path = MicViewController.swift; sourceTree = "<group>"; };
		27FF435B20506ED2006BBE64 /* RadialGradientLayer.swift */ = {isa = PBXFileReference; lastKnownFileType = sourcecode.swift; path = RadialGradientLayer.swift; sourceTree = "<group>"; };
		27FF435D20507345006BBE64 /* CircleBackgroundView.swift */ = {isa = PBXFileReference; lastKnownFileType = sourcecode.swift; path = CircleBackgroundView.swift; sourceTree = "<group>"; };
		9FCFDAB920747BDE00126965 /* GoogleService-Info.plist */ = {isa = PBXFileReference; fileEncoding = 4; lastKnownFileType = text.plist.xml; path = "GoogleService-Info.plist"; sourceTree = SOURCE_ROOT; };
		9FCFDABE20747C7800126965 /* version.h */ = {isa = PBXFileReference; fileEncoding = 4; lastKnownFileType = sourcecode.c.h; path = version.h; sourceTree = "<group>"; };
		9FCFDABF20747C7800126965 /* midio.h */ = {isa = PBXFileReference; fileEncoding = 4; lastKnownFileType = sourcecode.c.h; path = midio.h; sourceTree = "<group>"; };
		9FCFDAC020747C7800126965 /* midifile.h */ = {isa = PBXFileReference; fileEncoding = 4; lastKnownFileType = sourcecode.c.h; path = midifile.h; sourceTree = "<group>"; };
		9FCFDAC120747C7800126965 /* types.h */ = {isa = PBXFileReference; fileEncoding = 4; lastKnownFileType = sourcecode.c.h; path = types.h; sourceTree = "<group>"; };
		9FCFDAC220747C7800126965 /* midi-json.c */ = {isa = PBXFileReference; fileEncoding = 4; lastKnownFileType = sourcecode.c.c; path = "midi-json.c"; sourceTree = "<group>"; };
		9FCFDAC520747C7800126965 /* getopt.h */ = {isa = PBXFileReference; fileEncoding = 4; lastKnownFileType = sourcecode.c.h; path = getopt.h; sourceTree = "<group>"; };
		9FCFDAC620747C7800126965 /* Motif-Bridging-Header.h */ = {isa = PBXFileReference; fileEncoding = 4; lastKnownFileType = sourcecode.c.h; path = "Motif-Bridging-Header.h"; sourceTree = "<group>"; };
		9FCFDAC720747C7800126965 /* midio.c */ = {isa = PBXFileReference; fileEncoding = 4; lastKnownFileType = sourcecode.c.c; path = midio.c; sourceTree = "<group>"; };
		9FCFDAC820747C7800126965 /* midi-json.h */ = {isa = PBXFileReference; fileEncoding = 4; lastKnownFileType = sourcecode.c.h; name = "midi-json.h"; path = "Motif/Helpers/midi-json/midi-json.h"; sourceTree = SOURCE_ROOT; };
		9FCFDAC920747C7800126965 /* getopt.c */ = {isa = PBXFileReference; fileEncoding = 4; lastKnownFileType = sourcecode.c.c; path = getopt.c; sourceTree = "<group>"; };
		A3FA1322D4342215EDDBE135 /* Pods_Motif.framework */ = {isa = PBXFileReference; explicitFileType = wrapper.framework; includeInIndex = 0; path = Pods_Motif.framework; sourceTree = BUILT_PRODUCTS_DIR; };
		B67EC7DA0AE94572F45FAB42 /* Pods-Motif.debug.xcconfig */ = {isa = PBXFileReference; includeInIndex = 1; lastKnownFileType = text.xcconfig; name = "Pods-Motif.debug.xcconfig"; path = "Pods/Target Support Files/Pods-Motif/Pods-Motif.debug.xcconfig"; sourceTree = "<group>"; };
		EE813AC389D9D4A4A0E14D95 /* Pods-Motif.release.xcconfig */ = {isa = PBXFileReference; includeInIndex = 1; lastKnownFileType = text.xcconfig; name = "Pods-Motif.release.xcconfig"; path = "Pods/Target Support Files/Pods-Motif/Pods-Motif.release.xcconfig"; sourceTree = "<group>"; };
/* End PBXFileReference section */

/* Begin PBXFrameworksBuildPhase section */
		27990BED2037B375005F9A86 /* Frameworks */ = {
			isa = PBXFrameworksBuildPhase;
			buildActionMask = 2147483647;
			files = (
				966BD7A64EB3E622A4A51341 /* Pods_Motif.framework in Frameworks */,
			);
			runOnlyForDeploymentPostprocessing = 0;
		};
/* End PBXFrameworksBuildPhase section */

/* Begin PBXGroup section */
		220F7971D8BD0EC19FBDD7F4 /* Pods */ = {
			isa = PBXGroup;
			children = (
				B67EC7DA0AE94572F45FAB42 /* Pods-Motif.debug.xcconfig */,
				EE813AC389D9D4A4A0E14D95 /* Pods-Motif.release.xcconfig */,
			);
			name = Pods;
			sourceTree = "<group>";
		};
		2760A83C2074134100A701BA /* Models */ = {
			isa = PBXGroup;
			children = (
				2760A84120745A5000A701BA /* Song.xcdatamodeld */,
				2760A83F2074510900A701BA /* AudioManager.swift */,
			);
			path = Models;
			sourceTree = "<group>";
		};
		27990BE72037B375005F9A86 = {
			isa = PBXGroup;
			children = (
				27990BF22037B375005F9A86 /* Motif */,
				27990BF12037B375005F9A86 /* Products */,
				220F7971D8BD0EC19FBDD7F4 /* Pods */,
				AF892E3B5F662FA8730D042C /* Frameworks */,
			);
			sourceTree = "<group>";
		};
		27990BF12037B375005F9A86 /* Products */ = {
			isa = PBXGroup;
			children = (
				27990BF02037B375005F9A86 /* Motif.app */,
			);
			name = Products;
			sourceTree = "<group>";
		};
		27990BF22037B375005F9A86 /* Motif */ = {
			isa = PBXGroup;
			children = (
				2760A83C2074134100A701BA /* Models */,
				279CCA1A203E5B0700D72BD6 /* Controllers */,
				279CCA19203E5AF800D72BD6 /* Helpers */,
				279CCA18203E5AF100D72BD6 /* Storyboards */,
				27990BF32037B375005F9A86 /* AppDelegate.swift */,
				27990BFA2037B375005F9A86 /* Assets.xcassets */,
				27990BFC2037B375005F9A86 /* LaunchScreen.storyboard */,
				27990BFF2037B375005F9A86 /* Info.plist */,
				9FCFDAB920747BDE00126965 /* GoogleService-Info.plist */,
			);
			path = Motif;
			sourceTree = "<group>";
		};
		279CCA18203E5AF100D72BD6 /* Storyboards */ = {
			isa = PBXGroup;
			children = (
				2760A8382073F8A700A701BA /* ClipLibrary.storyboard */,
				27990BF72037B375005F9A86 /* Main.storyboard */,
				279CCA1B203E5B8E00D72BD6 /* Login.storyboard */,
				27FF435720506CCD006BBE64 /* Recording.storyboard */,
			);
			path = Storyboards;
			sourceTree = "<group>";
		};
		279CCA19203E5AF800D72BD6 /* Helpers */ = {
			isa = PBXGroup;
			children = (
				9FCFDABD20747C7800126965 /* midi-json */,
				27FF435B20506ED2006BBE64 /* RadialGradientLayer.swift */,
				27FF435D20507345006BBE64 /* CircleBackgroundView.swift */,
			);
			path = Helpers;
			sourceTree = "<group>";
		};
		279CCA1A203E5B0700D72BD6 /* Controllers */ = {
			isa = PBXGroup;
			children = (
				27E663BF20634A70008F592D /* AIPianoViewController.swift */,
				2760A8362073F87200A701BA /* ClipLibraryViewController.swift */,
				279CCA1D203E5DEE00D72BD6 /* LoginSplashViewController.swift */,
				27136CA920408CC400BD37F4 /* LoginViewController.swift */,
				27FF435920506D2B006BBE64 /* MicViewController.swift */,
				27AE836B2060CE2C00EEB6B9 /* PianoViewController.swift */,
				27136CA720408CBB00BD37F4 /* SignUpViewController.swift */,
				27043A2C20615B2D0076FB53 /* TempViewController.swift */,
				27990BF52037B375005F9A86 /* ViewController.swift */,
			);
			path = Controllers;
			sourceTree = "<group>";
		};
		9FCFDABD20747C7800126965 /* midi-json */ = {
			isa = PBXGroup;
			children = (
				9FCFDABE20747C7800126965 /* version.h */,
				9FCFDABF20747C7800126965 /* midio.h */,
				9FCFDAC020747C7800126965 /* midifile.h */,
				9FCFDAC120747C7800126965 /* types.h */,
				9FCFDAC220747C7800126965 /* midi-json.c */,
				9FCFDAC520747C7800126965 /* getopt.h */,
				9FCFDAC620747C7800126965 /* Motif-Bridging-Header.h */,
				9FCFDAC720747C7800126965 /* midio.c */,
				9FCFDAC820747C7800126965 /* midi-json.h */,
				9FCFDAC920747C7800126965 /* getopt.c */,
			);
			path = "midi-json";
			sourceTree = "<group>";
		};
		AF892E3B5F662FA8730D042C /* Frameworks */ = {
			isa = PBXGroup;
			children = (
				A3FA1322D4342215EDDBE135 /* Pods_Motif.framework */,
			);
			name = Frameworks;
			sourceTree = "<group>";
		};
/* End PBXGroup section */

/* Begin PBXHeadersBuildPhase section */
		9FCFDABB20747C5200126965 /* Headers */ = {
			isa = PBXHeadersBuildPhase;
			buildActionMask = 2147483647;
			files = (
				9FCFDAD320747C7800126965 /* midi-json.h in Headers */,
				9FCFDAD020747C7800126965 /* getopt.h in Headers */,
				9FCFDACA20747C7800126965 /* version.h in Headers */,
				9FCFDACC20747C7800126965 /* midifile.h in Headers */,
				9FCFDACD20747C7800126965 /* types.h in Headers */,
				9FCFDACB20747C7800126965 /* midio.h in Headers */,
				9FCFDAD120747C7800126965 /* Motif-Bridging-Header.h in Headers */,
			);
			runOnlyForDeploymentPostprocessing = 0;
		};
/* End PBXHeadersBuildPhase section */

/* Begin PBXNativeTarget section */
		27990BEF2037B375005F9A86 /* Motif */ = {
			isa = PBXNativeTarget;
			buildConfigurationList = 27990C022037B375005F9A86 /* Build configuration list for PBXNativeTarget "Motif" */;
			buildPhases = (
				6441963643EFCA7F01DF2ADF /* [CP] Check Pods Manifest.lock */,
				9FCFDABB20747C5200126965 /* Headers */,
				27990BEC2037B375005F9A86 /* Sources */,
				27990BED2037B375005F9A86 /* Frameworks */,
				27990BEE2037B375005F9A86 /* Resources */,
				E897CB55A45EC36FF8CEABB1 /* [CP] Embed Pods Frameworks */,
				E436183A7CF86E703AAD4086 /* [CP] Copy Pods Resources */,
			);
			buildRules = (
			);
			dependencies = (
			);
			name = Motif;
			productName = Motif;
			productReference = 27990BF02037B375005F9A86 /* Motif.app */;
			productType = "com.apple.product-type.application";
		};
/* End PBXNativeTarget section */

/* Begin PBXProject section */
		27990BE82037B375005F9A86 /* Project object */ = {
			isa = PBXProject;
			attributes = {
				LastSwiftUpdateCheck = 0920;
				LastUpgradeCheck = 0930;
				ORGANIZATIONNAME = Motif;
				TargetAttributes = {
					27990BEF2037B375005F9A86 = {
						CreatedOnToolsVersion = 9.2;
						ProvisioningStyle = Automatic;
					};
				};
			};
			buildConfigurationList = 27990BEB2037B375005F9A86 /* Build configuration list for PBXProject "Motif" */;
			compatibilityVersion = "Xcode 8.0";
			developmentRegion = en;
			hasScannedForEncodings = 0;
			knownRegions = (
				en,
				Base,
			);
			mainGroup = 27990BE72037B375005F9A86;
			productRefGroup = 27990BF12037B375005F9A86 /* Products */;
			projectDirPath = "";
			projectRoot = "";
			targets = (
				27990BEF2037B375005F9A86 /* Motif */,
			);
		};
/* End PBXProject section */

/* Begin PBXResourcesBuildPhase section */
		27990BEE2037B375005F9A86 /* Resources */ = {
			isa = PBXResourcesBuildPhase;
			buildActionMask = 2147483647;
			files = (
				279CCA1C203E5B8E00D72BD6 /* Login.storyboard in Resources */,
				27990BFE2037B375005F9A86 /* LaunchScreen.storyboard in Resources */,
				9FCFDABA20747BDE00126965 /* GoogleService-Info.plist in Resources */,
				27FF435820506CCD006BBE64 /* Recording.storyboard in Resources */,
				2760A8392073F8A700A701BA /* ClipLibrary.storyboard in Resources */,
				27990BFB2037B375005F9A86 /* Assets.xcassets in Resources */,
				27990BF92037B375005F9A86 /* Main.storyboard in Resources */,
			);
			runOnlyForDeploymentPostprocessing = 0;
		};
/* End PBXResourcesBuildPhase section */

/* Begin PBXShellScriptBuildPhase section */
		6441963643EFCA7F01DF2ADF /* [CP] Check Pods Manifest.lock */ = {
			isa = PBXShellScriptBuildPhase;
			buildActionMask = 2147483647;
			files = (
			);
			inputPaths = (
				"${PODS_PODFILE_DIR_PATH}/Podfile.lock",
				"${PODS_ROOT}/Manifest.lock",
			);
			name = "[CP] Check Pods Manifest.lock";
			outputPaths = (
				"$(DERIVED_FILE_DIR)/Pods-Motif-checkManifestLockResult.txt",
			);
			runOnlyForDeploymentPostprocessing = 0;
			shellPath = /bin/sh;
			shellScript = "diff \"${PODS_PODFILE_DIR_PATH}/Podfile.lock\" \"${PODS_ROOT}/Manifest.lock\" > /dev/null\nif [ $? != 0 ] ; then\n    # print error to STDERR\n    echo \"error: The sandbox is not in sync with the Podfile.lock. Run 'pod install' or update your CocoaPods installation.\" >&2\n    exit 1\nfi\n# This output is used by Xcode 'outputs' to avoid re-running this script phase.\necho \"SUCCESS\" > \"${SCRIPT_OUTPUT_FILE_0}\"\n";
			showEnvVarsInLog = 0;
		};
		E436183A7CF86E703AAD4086 /* [CP] Copy Pods Resources */ = {
			isa = PBXShellScriptBuildPhase;
			buildActionMask = 2147483647;
			files = (
			);
			inputPaths = (
			);
			name = "[CP] Copy Pods Resources";
			outputPaths = (
			);
			runOnlyForDeploymentPostprocessing = 0;
			shellPath = /bin/sh;
			shellScript = "\"${SRCROOT}/Pods/Target Support Files/Pods-Motif/Pods-Motif-resources.sh\"\n";
			showEnvVarsInLog = 0;
		};
		E897CB55A45EC36FF8CEABB1 /* [CP] Embed Pods Frameworks */ = {
			isa = PBXShellScriptBuildPhase;
			buildActionMask = 2147483647;
			files = (
			);
			inputPaths = (
				"${SRCROOT}/Pods/Target Support Files/Pods-Motif/Pods-Motif-frameworks.sh",
				"${BUILT_PRODUCTS_DIR}/BoringSSL/openssl.framework",
				"${BUILT_PRODUCTS_DIR}/GTMSessionFetcher/GTMSessionFetcher.framework",
				"${BUILT_PRODUCTS_DIR}/GoogleToolboxForMac/GoogleToolboxForMac.framework",
				"${BUILT_PRODUCTS_DIR}/MusicTheorySwift/MusicTheorySwift.framework",
				"${BUILT_PRODUCTS_DIR}/PianoView/PianoView.framework",
				"${BUILT_PRODUCTS_DIR}/Protobuf/Protobuf.framework",
				"${BUILT_PRODUCTS_DIR}/TransitionButton/TransitionButton.framework",
				"${BUILT_PRODUCTS_DIR}/gRPC/GRPCClient.framework",
				"${BUILT_PRODUCTS_DIR}/gRPC-Core/grpc.framework",
				"${BUILT_PRODUCTS_DIR}/gRPC-ProtoRPC/ProtoRPC.framework",
				"${BUILT_PRODUCTS_DIR}/gRPC-RxLibrary/RxLibrary.framework",
				"${BUILT_PRODUCTS_DIR}/leveldb-library/leveldb.framework",
				"${BUILT_PRODUCTS_DIR}/nanopb/nanopb.framework",
			);
			name = "[CP] Embed Pods Frameworks";
			outputPaths = (
				"${TARGET_BUILD_DIR}/${FRAMEWORKS_FOLDER_PATH}/openssl.framework",
				"${TARGET_BUILD_DIR}/${FRAMEWORKS_FOLDER_PATH}/GTMSessionFetcher.framework",
				"${TARGET_BUILD_DIR}/${FRAMEWORKS_FOLDER_PATH}/GoogleToolboxForMac.framework",
				"${TARGET_BUILD_DIR}/${FRAMEWORKS_FOLDER_PATH}/MusicTheorySwift.framework",
				"${TARGET_BUILD_DIR}/${FRAMEWORKS_FOLDER_PATH}/PianoView.framework",
				"${TARGET_BUILD_DIR}/${FRAMEWORKS_FOLDER_PATH}/Protobuf.framework",
				"${TARGET_BUILD_DIR}/${FRAMEWORKS_FOLDER_PATH}/TransitionButton.framework",
				"${TARGET_BUILD_DIR}/${FRAMEWORKS_FOLDER_PATH}/GRPCClient.framework",
				"${TARGET_BUILD_DIR}/${FRAMEWORKS_FOLDER_PATH}/grpc.framework",
				"${TARGET_BUILD_DIR}/${FRAMEWORKS_FOLDER_PATH}/ProtoRPC.framework",
				"${TARGET_BUILD_DIR}/${FRAMEWORKS_FOLDER_PATH}/RxLibrary.framework",
				"${TARGET_BUILD_DIR}/${FRAMEWORKS_FOLDER_PATH}/leveldb.framework",
				"${TARGET_BUILD_DIR}/${FRAMEWORKS_FOLDER_PATH}/nanopb.framework",
			);
			runOnlyForDeploymentPostprocessing = 0;
			shellPath = /bin/sh;
			shellScript = "\"${SRCROOT}/Pods/Target Support Files/Pods-Motif/Pods-Motif-frameworks.sh\"\n";
			showEnvVarsInLog = 0;
		};
/* End PBXShellScriptBuildPhase section */

/* Begin PBXSourcesBuildPhase section */
		27990BEC2037B375005F9A86 /* Sources */ = {
			isa = PBXSourcesBuildPhase;
			buildActionMask = 2147483647;
			files = (
				27990BF62037B375005F9A86 /* ViewController.swift in Sources */,
				27E663C020634A70008F592D /* AIPianoViewController.swift in Sources */,
				27990BF42037B375005F9A86 /* AppDelegate.swift in Sources */,
				2760A84320745A5000A701BA /* Song.xcdatamodeld in Sources */,
				27FF435E20507345006BBE64 /* CircleBackgroundView.swift in Sources */,
				9FCFDACE20747C7800126965 /* midi-json.c in Sources */,
				27FF435A20506D2B006BBE64 /* MicViewController.swift in Sources */,
				27136CA820408CBB00BD37F4 /* SignUpViewController.swift in Sources */,
				2760A8372073F87200A701BA /* ClipLibraryViewController.swift in Sources */,
				9FCFDAD420747C7800126965 /* getopt.c in Sources */,
				27136CAA20408CC400BD37F4 /* LoginViewController.swift in Sources */,
				2760A8402074510900A701BA /* AudioManager.swift in Sources */,
				27043A2D20615B2D0076FB53 /* TempViewController.swift in Sources */,
				27FF435C20506ED2006BBE64 /* RadialGradientLayer.swift in Sources */,
				27AE836C2060CE2C00EEB6B9 /* PianoViewController.swift in Sources */,
				279CCA1E203E5DEE00D72BD6 /* LoginSplashViewController.swift in Sources */,
				9FCFDAD220747C7800126965 /* midio.c in Sources */,
			);
			runOnlyForDeploymentPostprocessing = 0;
		};
/* End PBXSourcesBuildPhase section */

/* Begin PBXVariantGroup section */
		27990BF72037B375005F9A86 /* Main.storyboard */ = {
			isa = PBXVariantGroup;
			children = (
				27990BF82037B375005F9A86 /* Base */,
			);
			name = Main.storyboard;
			sourceTree = "<group>";
		};
		27990BFC2037B375005F9A86 /* LaunchScreen.storyboard */ = {
			isa = PBXVariantGroup;
			children = (
				27990BFD2037B375005F9A86 /* Base */,
			);
			name = LaunchScreen.storyboard;
			sourceTree = "<group>";
		};
/* End PBXVariantGroup section */

/* Begin XCBuildConfiguration section */
		27990C002037B375005F9A86 /* Debug */ = {
			isa = XCBuildConfiguration;
			buildSettings = {
				ALWAYS_SEARCH_USER_PATHS = NO;
				CLANG_ANALYZER_NONNULL = YES;
				CLANG_ANALYZER_NUMBER_OBJECT_CONVERSION = YES_AGGRESSIVE;
				CLANG_CXX_LANGUAGE_STANDARD = "gnu++14";
				CLANG_CXX_LIBRARY = "libc++";
				CLANG_ENABLE_MODULES = YES;
				CLANG_ENABLE_OBJC_ARC = YES;
				CLANG_WARN_BLOCK_CAPTURE_AUTORELEASING = YES;
				CLANG_WARN_BOOL_CONVERSION = YES;
				CLANG_WARN_COMMA = YES;
				CLANG_WARN_CONSTANT_CONVERSION = YES;
				CLANG_WARN_DEPRECATED_OBJC_IMPLEMENTATIONS = YES;
				CLANG_WARN_DIRECT_OBJC_ISA_USAGE = YES_ERROR;
				CLANG_WARN_DOCUMENTATION_COMMENTS = YES;
				CLANG_WARN_EMPTY_BODY = YES;
				CLANG_WARN_ENUM_CONVERSION = YES;
				CLANG_WARN_INFINITE_RECURSION = YES;
				CLANG_WARN_INT_CONVERSION = YES;
				CLANG_WARN_NON_LITERAL_NULL_CONVERSION = YES;
				CLANG_WARN_OBJC_IMPLICIT_RETAIN_SELF = YES;
				CLANG_WARN_OBJC_LITERAL_CONVERSION = YES;
				CLANG_WARN_OBJC_ROOT_CLASS = YES_ERROR;
				CLANG_WARN_RANGE_LOOP_ANALYSIS = YES;
				CLANG_WARN_STRICT_PROTOTYPES = YES;
				CLANG_WARN_SUSPICIOUS_MOVE = YES;
				CLANG_WARN_UNGUARDED_AVAILABILITY = YES_AGGRESSIVE;
				CLANG_WARN_UNREACHABLE_CODE = YES;
				CLANG_WARN__DUPLICATE_METHOD_MATCH = YES;
				CODE_SIGN_IDENTITY = "iPhone Developer";
				COPY_PHASE_STRIP = NO;
				DEBUG_INFORMATION_FORMAT = dwarf;
				ENABLE_STRICT_OBJC_MSGSEND = YES;
				ENABLE_TESTABILITY = YES;
				GCC_C_LANGUAGE_STANDARD = gnu11;
				GCC_DYNAMIC_NO_PIC = NO;
				GCC_NO_COMMON_BLOCKS = YES;
				GCC_OPTIMIZATION_LEVEL = 0;
				GCC_PREPROCESSOR_DEFINITIONS = (
					"DEBUG=1",
					"$(inherited)",
				);
				GCC_WARN_64_TO_32_BIT_CONVERSION = YES;
				GCC_WARN_ABOUT_RETURN_TYPE = YES_ERROR;
				GCC_WARN_UNDECLARED_SELECTOR = YES;
				GCC_WARN_UNINITIALIZED_AUTOS = YES_AGGRESSIVE;
				GCC_WARN_UNUSED_FUNCTION = YES;
				GCC_WARN_UNUSED_VARIABLE = YES;
				IPHONEOS_DEPLOYMENT_TARGET = 11.2;
				MTL_ENABLE_DEBUG_INFO = YES;
				ONLY_ACTIVE_ARCH = YES;
				SDKROOT = iphoneos;
				SWIFT_ACTIVE_COMPILATION_CONDITIONS = DEBUG;
				SWIFT_OPTIMIZATION_LEVEL = "-Onone";
			};
			name = Debug;
		};
		27990C012037B375005F9A86 /* Release */ = {
			isa = XCBuildConfiguration;
			buildSettings = {
				ALWAYS_SEARCH_USER_PATHS = NO;
				CLANG_ANALYZER_NONNULL = YES;
				CLANG_ANALYZER_NUMBER_OBJECT_CONVERSION = YES_AGGRESSIVE;
				CLANG_CXX_LANGUAGE_STANDARD = "gnu++14";
				CLANG_CXX_LIBRARY = "libc++";
				CLANG_ENABLE_MODULES = YES;
				CLANG_ENABLE_OBJC_ARC = YES;
				CLANG_WARN_BLOCK_CAPTURE_AUTORELEASING = YES;
				CLANG_WARN_BOOL_CONVERSION = YES;
				CLANG_WARN_COMMA = YES;
				CLANG_WARN_CONSTANT_CONVERSION = YES;
				CLANG_WARN_DEPRECATED_OBJC_IMPLEMENTATIONS = YES;
				CLANG_WARN_DIRECT_OBJC_ISA_USAGE = YES_ERROR;
				CLANG_WARN_DOCUMENTATION_COMMENTS = YES;
				CLANG_WARN_EMPTY_BODY = YES;
				CLANG_WARN_ENUM_CONVERSION = YES;
				CLANG_WARN_INFINITE_RECURSION = YES;
				CLANG_WARN_INT_CONVERSION = YES;
				CLANG_WARN_NON_LITERAL_NULL_CONVERSION = YES;
				CLANG_WARN_OBJC_IMPLICIT_RETAIN_SELF = YES;
				CLANG_WARN_OBJC_LITERAL_CONVERSION = YES;
				CLANG_WARN_OBJC_ROOT_CLASS = YES_ERROR;
				CLANG_WARN_RANGE_LOOP_ANALYSIS = YES;
				CLANG_WARN_STRICT_PROTOTYPES = YES;
				CLANG_WARN_SUSPICIOUS_MOVE = YES;
				CLANG_WARN_UNGUARDED_AVAILABILITY = YES_AGGRESSIVE;
				CLANG_WARN_UNREACHABLE_CODE = YES;
				CLANG_WARN__DUPLICATE_METHOD_MATCH = YES;
				CODE_SIGN_IDENTITY = "iPhone Developer";
				COPY_PHASE_STRIP = NO;
				DEBUG_INFORMATION_FORMAT = "dwarf-with-dsym";
				ENABLE_NS_ASSERTIONS = NO;
				ENABLE_STRICT_OBJC_MSGSEND = YES;
				GCC_C_LANGUAGE_STANDARD = gnu11;
				GCC_NO_COMMON_BLOCKS = YES;
				GCC_WARN_64_TO_32_BIT_CONVERSION = YES;
				GCC_WARN_ABOUT_RETURN_TYPE = YES_ERROR;
				GCC_WARN_UNDECLARED_SELECTOR = YES;
				GCC_WARN_UNINITIALIZED_AUTOS = YES_AGGRESSIVE;
				GCC_WARN_UNUSED_FUNCTION = YES;
				GCC_WARN_UNUSED_VARIABLE = YES;
				IPHONEOS_DEPLOYMENT_TARGET = 11.2;
				MTL_ENABLE_DEBUG_INFO = NO;
				ONLY_ACTIVE_ARCH = YES;
				SDKROOT = iphoneos;
				SWIFT_OPTIMIZATION_LEVEL = "-Owholemodule";
				VALIDATE_PRODUCT = YES;
			};
			name = Release;
		};
		27990C032037B375005F9A86 /* Debug */ = {
			isa = XCBuildConfiguration;
			baseConfigurationReference = B67EC7DA0AE94572F45FAB42 /* Pods-Motif.debug.xcconfig */;
			buildSettings = {
				ASSETCATALOG_COMPILER_APPICON_NAME = AppIcon;
				CODE_SIGN_STYLE = Automatic;
				DEVELOPMENT_TEAM = B7BR378UWH;
				INFOPLIST_FILE = Motif/Info.plist;
				IPHONEOS_DEPLOYMENT_TARGET = 11.2;
				LD_RUNPATH_SEARCH_PATHS = "$(inherited) @executable_path/Frameworks";
				PRODUCT_BUNDLE_IDENTIFIER = cs.utexas.edu.Motif2;
				PRODUCT_NAME = "$(TARGET_NAME)";
				SWIFT_OBJC_BRIDGING_HEADER = "Motif/Helpers/midi-json/midi-json.h";
				SWIFT_VERSION = 4.0;
				TARGETED_DEVICE_FAMILY = "1,2";
			};
			name = Debug;
		};
		27990C042037B375005F9A86 /* Release */ = {
			isa = XCBuildConfiguration;
			baseConfigurationReference = EE813AC389D9D4A4A0E14D95 /* Pods-Motif.release.xcconfig */;
			buildSettings = {
				ASSETCATALOG_COMPILER_APPICON_NAME = AppIcon;
				CODE_SIGN_STYLE = Automatic;
				DEVELOPMENT_TEAM = B7BR378UWH;
				INFOPLIST_FILE = Motif/Info.plist;
				IPHONEOS_DEPLOYMENT_TARGET = 11.2;
				LD_RUNPATH_SEARCH_PATHS = "$(inherited) @executable_path/Frameworks";
				PRODUCT_BUNDLE_IDENTIFIER = cs.utexas.edu.Motif2;
				PRODUCT_NAME = "$(TARGET_NAME)";
				SWIFT_OBJC_BRIDGING_HEADER = "Motif/Helpers/midi-json/midi-json.h";
				SWIFT_VERSION = 4.0;
				TARGETED_DEVICE_FAMILY = "1,2";
			};
			name = Release;
		};
/* End XCBuildConfiguration section */

/* Begin XCConfigurationList section */
		27990BEB2037B375005F9A86 /* Build configuration list for PBXProject "Motif" */ = {
			isa = XCConfigurationList;
			buildConfigurations = (
				27990C002037B375005F9A86 /* Debug */,
				27990C012037B375005F9A86 /* Release */,
			);
			defaultConfigurationIsVisible = 0;
			defaultConfigurationName = Release;
		};
		27990C022037B375005F9A86 /* Build configuration list for PBXNativeTarget "Motif" */ = {
			isa = XCConfigurationList;
			buildConfigurations = (
				27990C032037B375005F9A86 /* Debug */,
				27990C042037B375005F9A86 /* Release */,
			);
			defaultConfigurationIsVisible = 0;
			defaultConfigurationName = Release;
		};
/* End XCConfigurationList section */

/* Begin XCVersionGroup section */
		2760A84120745A5000A701BA /* Song.xcdatamodeld */ = {
			isa = XCVersionGroup;
			children = (
				2760A84220745A5000A701BA /* Song.xcdatamodel */,
			);
			currentVersion = 2760A84220745A5000A701BA /* Song.xcdatamodel */;
			path = Song.xcdatamodeld;
			sourceTree = "<group>";
			versionGroupType = wrapper.xcdatamodel;
		};
/* End XCVersionGroup section */
	};
	rootObject = 27990BE82037B375005F9A86 /* Project object */;
}
